
Microsoft Visual Studio Solution File, Format Version 11.00
# Visual Studio 2010
Project("{F184B08F-C81C-45F6-A57F-5ABD9991F28F}") = "WindowsApplication2", "WindowsApplication2\WindowsApplication2.vbproj", "{13A726D7-018F-448E-BB5B-05A7235A3507}"
EndProject
Global
	GlobalSection(SolutionConfigurationPlatforms) = preSolution
		Debug|x86 = Debug|x86
		Release|x86 = Release|x86
	EndGlobalSection
	GlobalSection(ProjectConfigurationPlatforms) = postSolution
		{13A726D7-018F-448E-BB5B-05A7235A3507}.Debug|x86.ActiveCfg = Debug|x86
		{13A726D7-018F-448E-BB5B-05A7235A3507}.Debug|x86.Build.0 = Debug|x86
		{13A726D7-018F-448E-BB5B-05A7235A3507}.Release|x86.ActiveCfg = Release|x86
		{13A726D7-018F-448E-BB5B-05A7235A3507}.Release|x86.Build.0 = Release|x86
	EndGlobalSection
	GlobalSection(SolutionProperties) = preSolution
		HideSolutionNode = FALSE
	EndGlobalSection
EndGlobal
